// !$*UTF8*$!
{
	archiveVersion = 1;
	classes = {
	};
	objectVersion = 56;
	objects = {

/* Begin PBXBuildFile section */
		5D6E0C412B3490B10000A2E9 /* AppDelegate.swift in Sources */ = {isa = PBXBuildFile; fileRef = 5D6E0C402B3490B10000A2E9 /* AppDelegate.swift */; };
		5D6E0C452B3490B10000A2E9 /* HomeViewController.swift in Sources */ = {isa = PBXBuildFile; fileRef = 5D6E0C442B3490B10000A2E9 /* HomeViewController.swift */; };
		5D6E0C4A2B3490B20000A2E9 /* Assets.xcassets in Resources */ = {isa = PBXBuildFile; fileRef = 5D6E0C492B3490B20000A2E9 /* Assets.xcassets */; };
		5D6E0C4D2B3490B20000A2E9 /* LaunchScreen.storyboard in Resources */ = {isa = PBXBuildFile; fileRef = 5D6E0C4B2B3490B20000A2E9 /* LaunchScreen.storyboard */; };
		5DCE01AF2B35251D00C1A68A /* MealDataSource.swift in Sources */ = {isa = PBXBuildFile; fileRef = 5DCE01AE2B35251D00C1A68A /* MealDataSource.swift */; };
		5DCE01B52B35280500C1A68A /* Meal.swift in Sources */ = {isa = PBXBuildFile; fileRef = 5DCE01B42B35280500C1A68A /* Meal.swift */; };
		5DCE01B82B352A7F00C1A68A /* MealResponse.swift in Sources */ = {isa = PBXBuildFile; fileRef = 5DCE01B72B352A7F00C1A68A /* MealResponse.swift */; };
		5DCE01BA2B3530EB00C1A68A /* APIManager.swift in Sources */ = {isa = PBXBuildFile; fileRef = 5DCE01B92B3530EB00C1A68A /* APIManager.swift */; };
		5DCE01BC2B35334600C1A68A /* APIError.swift in Sources */ = {isa = PBXBuildFile; fileRef = 5DCE01BB2B35334600C1A68A /* APIError.swift */; };
		5DCE01BE2B35364E00C1A68A /* APIEndpoint.swift in Sources */ = {isa = PBXBuildFile; fileRef = 5DCE01BD2B35364E00C1A68A /* APIEndpoint.swift */; };
		5DCE01C12B35643700C1A68A /* MealRepository.swift in Sources */ = {isa = PBXBuildFile; fileRef = 5DCE01C02B35643700C1A68A /* MealRepository.swift */; };
		5DCE01C42B35648300C1A68A /* MealByCategoriesUseCase.swift in Sources */ = {isa = PBXBuildFile; fileRef = 5DCE01C32B35648300C1A68A /* MealByCategoriesUseCase.swift */; };
		5DCE01CA2B35650400C1A68A /* HomeViewController.xib in Resources */ = {isa = PBXBuildFile; fileRef = 5DCE01C92B35650400C1A68A /* HomeViewController.xib */; };
		5DCE01CD2B3566E100C1A68A /* UITableView.swift in Sources */ = {isa = PBXBuildFile; fileRef = 5DCE01CC2B3566E100C1A68A /* UITableView.swift */; };
		5DCE01CF2B356E4900C1A68A /* HomeInteractor.swift in Sources */ = {isa = PBXBuildFile; fileRef = 5DCE01CE2B356E4900C1A68A /* HomeInteractor.swift */; };
		5DCE01D12B356E5A00C1A68A /* AppInjection.swift in Sources */ = {isa = PBXBuildFile; fileRef = 5DCE01D02B356E5A00C1A68A /* AppInjection.swift */; };
		5DCE01D32B356E8600C1A68A /* HomeInjection.swift in Sources */ = {isa = PBXBuildFile; fileRef = 5DCE01D22B356E8600C1A68A /* HomeInjection.swift */; };
		5DCE01D52B356FDF00C1A68A /* HomePresenter.swift in Sources */ = {isa = PBXBuildFile; fileRef = 5DCE01D42B356FDF00C1A68A /* HomePresenter.swift */; };
		5DCE01D72B35702100C1A68A /* HomeRouter.swift in Sources */ = {isa = PBXBuildFile; fileRef = 5DCE01D62B35702100C1A68A /* HomeRouter.swift */; };
		5DCE01DE2B357D7D00C1A68A /* UICollectionView.swift in Sources */ = {isa = PBXBuildFile; fileRef = 5DCE01DD2B357D7D00C1A68A /* UICollectionView.swift */; };
		5DCE01E52B357F3900C1A68A /* MealCardCollectionViewCell.swift in Sources */ = {isa = PBXBuildFile; fileRef = 5DCE01E32B357F3900C1A68A /* MealCardCollectionViewCell.swift */; };
		5DCE01E62B357F3900C1A68A /* MealCardCollectionViewCell.xib in Resources */ = {isa = PBXBuildFile; fileRef = 5DCE01E42B357F3900C1A68A /* MealCardCollectionViewCell.xib */; };
		5DCE01E92B357F6500C1A68A /* MealCardTableViewCell.swift in Sources */ = {isa = PBXBuildFile; fileRef = 5DCE01E72B357F6500C1A68A /* MealCardTableViewCell.swift */; };
		5DCE01EA2B357F6500C1A68A /* MealCardTableViewCell.xib in Resources */ = {isa = PBXBuildFile; fileRef = 5DCE01E82B357F6500C1A68A /* MealCardTableViewCell.xib */; };
		5DCE01F22B3593C900C1A68A /* DetailViewController.swift in Sources */ = {isa = PBXBuildFile; fileRef = 5DCE01F02B3593C900C1A68A /* DetailViewController.swift */; };
		5DCE01F32B3593C900C1A68A /* DetailViewController.xib in Resources */ = {isa = PBXBuildFile; fileRef = 5DCE01F12B3593C900C1A68A /* DetailViewController.xib */; };
		5DCE01F52B3593F900C1A68A /* DetailInjection.swift in Sources */ = {isa = PBXBuildFile; fileRef = 5DCE01F42B3593F900C1A68A /* DetailInjection.swift */; };
		5DCE01F72B3596CA00C1A68A /* DetailRouter.swift in Sources */ = {isa = PBXBuildFile; fileRef = 5DCE01F62B3596CA00C1A68A /* DetailRouter.swift */; };
		A3E606F3F43A73BACA972130 /* Pods_MealApp.framework in Frameworks */ = {isa = PBXBuildFile; fileRef = 40BD4650F85312F26720C1B3 /* Pods_MealApp.framework */; };
/* End PBXBuildFile section */

/* Begin PBXFileReference section */
		40BD4650F85312F26720C1B3 /* Pods_MealApp.framework */ = {isa = PBXFileReference; explicitFileType = wrapper.framework; includeInIndex = 0; path = Pods_MealApp.framework; sourceTree = BUILT_PRODUCTS_DIR; };
		5D6E0C3D2B3490B10000A2E9 /* MealApp.app */ = {isa = PBXFileReference; explicitFileType = wrapper.application; includeInIndex = 0; path = MealApp.app; sourceTree = BUILT_PRODUCTS_DIR; };
		5D6E0C402B3490B10000A2E9 /* AppDelegate.swift */ = {isa = PBXFileReference; lastKnownFileType = sourcecode.swift; path = AppDelegate.swift; sourceTree = "<group>"; };
		5D6E0C442B3490B10000A2E9 /* HomeViewController.swift */ = {isa = PBXFileReference; lastKnownFileType = sourcecode.swift; path = HomeViewController.swift; sourceTree = "<group>"; };
		5D6E0C492B3490B20000A2E9 /* Assets.xcassets */ = {isa = PBXFileReference; lastKnownFileType = folder.assetcatalog; path = Assets.xcassets; sourceTree = "<group>"; };
		5D6E0C4C2B3490B20000A2E9 /* Base */ = {isa = PBXFileReference; lastKnownFileType = file.storyboard; name = Base; path = Base.lproj/LaunchScreen.storyboard; sourceTree = "<group>"; };
		5D6E0C4E2B3490B20000A2E9 /* Info.plist */ = {isa = PBXFileReference; lastKnownFileType = text.plist.xml; path = Info.plist; sourceTree = "<group>"; };
		5DCE01AE2B35251D00C1A68A /* MealDataSource.swift */ = {isa = PBXFileReference; lastKnownFileType = sourcecode.swift; path = MealDataSource.swift; sourceTree = "<group>"; };
		5DCE01B42B35280500C1A68A /* Meal.swift */ = {isa = PBXFileReference; lastKnownFileType = sourcecode.swift; path = Meal.swift; sourceTree = "<group>"; };
		5DCE01B72B352A7F00C1A68A /* MealResponse.swift */ = {isa = PBXFileReference; lastKnownFileType = sourcecode.swift; path = MealResponse.swift; sourceTree = "<group>"; };
		5DCE01B92B3530EB00C1A68A /* APIManager.swift */ = {isa = PBXFileReference; lastKnownFileType = sourcecode.swift; path = APIManager.swift; sourceTree = "<group>"; };
		5DCE01BB2B35334600C1A68A /* APIError.swift */ = {isa = PBXFileReference; lastKnownFileType = sourcecode.swift; path = APIError.swift; sourceTree = "<group>"; };
		5DCE01BD2B35364E00C1A68A /* APIEndpoint.swift */ = {isa = PBXFileReference; lastKnownFileType = sourcecode.swift; path = APIEndpoint.swift; sourceTree = "<group>"; };
		5DCE01C02B35643700C1A68A /* MealRepository.swift */ = {isa = PBXFileReference; lastKnownFileType = sourcecode.swift; path = MealRepository.swift; sourceTree = "<group>"; };
		5DCE01C32B35648300C1A68A /* MealByCategoriesUseCase.swift */ = {isa = PBXFileReference; lastKnownFileType = sourcecode.swift; path = MealByCategoriesUseCase.swift; sourceTree = "<group>"; };
		5DCE01C92B35650400C1A68A /* HomeViewController.xib */ = {isa = PBXFileReference; lastKnownFileType = file.xib; path = HomeViewController.xib; sourceTree = "<group>"; };
		5DCE01CC2B3566E100C1A68A /* UITableView.swift */ = {isa = PBXFileReference; lastKnownFileType = sourcecode.swift; path = UITableView.swift; sourceTree = "<group>"; };
		5DCE01CE2B356E4900C1A68A /* HomeInteractor.swift */ = {isa = PBXFileReference; lastKnownFileType = sourcecode.swift; path = HomeInteractor.swift; sourceTree = "<group>"; };
		5DCE01D02B356E5A00C1A68A /* AppInjection.swift */ = {isa = PBXFileReference; lastKnownFileType = sourcecode.swift; path = AppInjection.swift; sourceTree = "<group>"; };
		5DCE01D22B356E8600C1A68A /* HomeInjection.swift */ = {isa = PBXFileReference; lastKnownFileType = sourcecode.swift; path = HomeInjection.swift; sourceTree = "<group>"; };
		5DCE01D42B356FDF00C1A68A /* HomePresenter.swift */ = {isa = PBXFileReference; lastKnownFileType = sourcecode.swift; path = HomePresenter.swift; sourceTree = "<group>"; };
		5DCE01D62B35702100C1A68A /* HomeRouter.swift */ = {isa = PBXFileReference; lastKnownFileType = sourcecode.swift; path = HomeRouter.swift; sourceTree = "<group>"; };
		5DCE01DD2B357D7D00C1A68A /* UICollectionView.swift */ = {isa = PBXFileReference; lastKnownFileType = sourcecode.swift; path = UICollectionView.swift; sourceTree = "<group>"; };
		5DCE01E32B357F3900C1A68A /* MealCardCollectionViewCell.swift */ = {isa = PBXFileReference; lastKnownFileType = sourcecode.swift; path = MealCardCollectionViewCell.swift; sourceTree = "<group>"; };
		5DCE01E42B357F3900C1A68A /* MealCardCollectionViewCell.xib */ = {isa = PBXFileReference; lastKnownFileType = file.xib; path = MealCardCollectionViewCell.xib; sourceTree = "<group>"; };
		5DCE01E72B357F6500C1A68A /* MealCardTableViewCell.swift */ = {isa = PBXFileReference; lastKnownFileType = sourcecode.swift; path = MealCardTableViewCell.swift; sourceTree = "<group>"; };
		5DCE01E82B357F6500C1A68A /* MealCardTableViewCell.xib */ = {isa = PBXFileReference; lastKnownFileType = file.xib; path = MealCardTableViewCell.xib; sourceTree = "<group>"; };
		5DCE01F02B3593C900C1A68A /* DetailViewController.swift */ = {isa = PBXFileReference; lastKnownFileType = sourcecode.swift; path = DetailViewController.swift; sourceTree = "<group>"; };
		5DCE01F12B3593C900C1A68A /* DetailViewController.xib */ = {isa = PBXFileReference; lastKnownFileType = file.xib; path = DetailViewController.xib; sourceTree = "<group>"; };
		5DCE01F42B3593F900C1A68A /* DetailInjection.swift */ = {isa = PBXFileReference; lastKnownFileType = sourcecode.swift; path = DetailInjection.swift; sourceTree = "<group>"; };
		5DCE01F62B3596CA00C1A68A /* DetailRouter.swift */ = {isa = PBXFileReference; lastKnownFileType = sourcecode.swift; path = DetailRouter.swift; sourceTree = "<group>"; };
		7305040530A9DA5A79D6F31D /* Pods-MealApp.debug.xcconfig */ = {isa = PBXFileReference; includeInIndex = 1; lastKnownFileType = text.xcconfig; name = "Pods-MealApp.debug.xcconfig"; path = "Target Support Files/Pods-MealApp/Pods-MealApp.debug.xcconfig"; sourceTree = "<group>"; };
		F3AC5295B9053DDEA3D51D7C /* Pods-MealApp.release.xcconfig */ = {isa = PBXFileReference; includeInIndex = 1; lastKnownFileType = text.xcconfig; name = "Pods-MealApp.release.xcconfig"; path = "Target Support Files/Pods-MealApp/Pods-MealApp.release.xcconfig"; sourceTree = "<group>"; };
/* End PBXFileReference section */

/* Begin PBXFrameworksBuildPhase section */
		5D6E0C3A2B3490B10000A2E9 /* Frameworks */ = {
			isa = PBXFrameworksBuildPhase;
			buildActionMask = 2147483647;
			files = (
				A3E606F3F43A73BACA972130 /* Pods_MealApp.framework in Frameworks */,
			);
			runOnlyForDeploymentPostprocessing = 0;
		};
/* End PBXFrameworksBuildPhase section */

/* Begin PBXGroup section */
		5D6E0C342B3490B10000A2E9 = {
			isa = PBXGroup;
			children = (
				5D6E0C3F2B3490B10000A2E9 /* MealApp */,
				5D6E0C3E2B3490B10000A2E9 /* Products */,
				682E0FC36A6828BD02F1A65D /* Pods */,
				C9023CFB8E27CE69F709FE00 /* Frameworks */,
			);
			sourceTree = "<group>";
		};
		5D6E0C3E2B3490B10000A2E9 /* Products */ = {
			isa = PBXGroup;
			children = (
				5D6E0C3D2B3490B10000A2E9 /* MealApp.app */,
			);
			name = Products;
			sourceTree = "<group>";
		};
		5D6E0C3F2B3490B10000A2E9 /* MealApp */ = {
			isa = PBXGroup;
			children = (
				5DCE01A02B34924D00C1A68A /* App */,
				5DCE01A82B34933600C1A68A /* Domain */,
				5DCE01A72B34933200C1A68A /* Data */,
			);
			path = MealApp;
			sourceTree = "<group>";
		};
		5DCE01A02B34924D00C1A68A /* App */ = {
			isa = PBXGroup;
			children = (
				5DCE01A12B34929000C1A68A /* Main */,
				5DCE01A62B3492F000C1A68A /* Depedency */,
				5DCE01A42B3492CE00C1A68A /* Modules */,
				5DCE01A32B3492BE00C1A68A /* Resource */,
				5DCE01A22B3492B700C1A68A /* Utils */,
			);
			path = App;
			sourceTree = "<group>";
		};
		5DCE01A12B34929000C1A68A /* Main */ = {
			isa = PBXGroup;
			children = (
				5D6E0C402B3490B10000A2E9 /* AppDelegate.swift */,
				5D6E0C4B2B3490B20000A2E9 /* LaunchScreen.storyboard */,
			);
			path = Main;
			sourceTree = "<group>";
		};
		5DCE01A22B3492B700C1A68A /* Utils */ = {
			isa = PBXGroup;
			children = (
				5DCE01D82B357CF300C1A68A /* ReuseableViews */,
				5DCE01CB2B3566D600C1A68A /* Extensions */,
			);
			path = Utils;
			sourceTree = "<group>";
		};
		5DCE01A32B3492BE00C1A68A /* Resource */ = {
			isa = PBXGroup;
			children = (
				5D6E0C492B3490B20000A2E9 /* Assets.xcassets */,
				5D6E0C4E2B3490B20000A2E9 /* Info.plist */,
			);
			path = Resource;
			sourceTree = "<group>";
		};
		5DCE01A42B3492CE00C1A68A /* Modules */ = {
			isa = PBXGroup;
			children = (
				5DCE01EB2B35933A00C1A68A /* Detail */,
				5DCE01A52B3492D500C1A68A /* Home */,
			);
			path = Modules;
			sourceTree = "<group>";
		};
		5DCE01A52B3492D500C1A68A /* Home */ = {
			isa = PBXGroup;
			children = (
				5DCE01C82B3564E500C1A68A /* Presenter */,
				5DCE01C72B3564E000C1A68A /* Interactor */,
				5DCE01C62B3564D400C1A68A /* Router */,
				5DCE01C52B3564CE00C1A68A /* View */,
			);
			path = Home;
			sourceTree = "<group>";
		};
		5DCE01A62B3492F000C1A68A /* Depedency */ = {
			isa = PBXGroup;
			children = (
				5DCE01D02B356E5A00C1A68A /* AppInjection.swift */,
				5DCE01D22B356E8600C1A68A /* HomeInjection.swift */,
				5DCE01F42B3593F900C1A68A /* DetailInjection.swift */,
			);
			path = Depedency;
			sourceTree = "<group>";
		};
		5DCE01A72B34933200C1A68A /* Data */ = {
			isa = PBXGroup;
			children = (
				5DCE01B12B35271D00C1A68A /* Entities */,
				5DCE01B02B35270D00C1A68A /* Service */,
				5DCE01AC2B35250200C1A68A /* DataSource */,
			);
			path = Data;
			sourceTree = "<group>";
		};
		5DCE01A82B34933600C1A68A /* Domain */ = {
			isa = PBXGroup;
			children = (
				5DCE01AB2B3493E600C1A68A /* Model */,
				5DCE01AA2B3493E000C1A68A /* Repository */,
				5DCE01A92B3493DA00C1A68A /* UseCase */,
			);
			path = Domain;
			sourceTree = "<group>";
		};
		5DCE01A92B3493DA00C1A68A /* UseCase */ = {
			isa = PBXGroup;
			children = (
				5DCE01C22B35646D00C1A68A /* Home */,
			);
			path = UseCase;
			sourceTree = "<group>";
		};
		5DCE01AA2B3493E000C1A68A /* Repository */ = {
			isa = PBXGroup;
			children = (
				5DCE01C02B35643700C1A68A /* MealRepository.swift */,
			);
			path = Repository;
			sourceTree = "<group>";
		};
		5DCE01AB2B3493E600C1A68A /* Model */ = {
			isa = PBXGroup;
			children = (
				5DCE01B32B3527F600C1A68A /* Meal */,
			);
			path = Model;
			sourceTree = "<group>";
		};
		5DCE01AC2B35250200C1A68A /* DataSource */ = {
			isa = PBXGroup;
			children = (
				5DCE01AD2B35250900C1A68A /* Remote */,
			);
			path = DataSource;
			sourceTree = "<group>";
		};
		5DCE01AD2B35250900C1A68A /* Remote */ = {
			isa = PBXGroup;
			children = (
				5DCE01AE2B35251D00C1A68A /* MealDataSource.swift */,
			);
			path = Remote;
			sourceTree = "<group>";
		};
		5DCE01B02B35270D00C1A68A /* Service */ = {
			isa = PBXGroup;
			children = (
				5DCE01B92B3530EB00C1A68A /* APIManager.swift */,
				5DCE01BB2B35334600C1A68A /* APIError.swift */,
				5DCE01BD2B35364E00C1A68A /* APIEndpoint.swift */,
			);
			path = Service;
			sourceTree = "<group>";
		};
		5DCE01B12B35271D00C1A68A /* Entities */ = {
			isa = PBXGroup;
			children = (
				5DCE01B22B35272100C1A68A /* Remote */,
			);
			path = Entities;
			sourceTree = "<group>";
		};
		5DCE01B22B35272100C1A68A /* Remote */ = {
			isa = PBXGroup;
			children = (
				5DCE01B72B352A7F00C1A68A /* MealResponse.swift */,
			);
			path = Remote;
			sourceTree = "<group>";
		};
		5DCE01B32B3527F600C1A68A /* Meal */ = {
			isa = PBXGroup;
			children = (
				5DCE01B42B35280500C1A68A /* Meal.swift */,
			);
			path = Meal;
			sourceTree = "<group>";
		};
		5DCE01C22B35646D00C1A68A /* Home */ = {
			isa = PBXGroup;
			children = (
				5DCE01C32B35648300C1A68A /* MealByCategoriesUseCase.swift */,
			);
			path = Home;
			sourceTree = "<group>";
		};
		5DCE01C52B3564CE00C1A68A /* View */ = {
			isa = PBXGroup;
			children = (
				5D6E0C442B3490B10000A2E9 /* HomeViewController.swift */,
				5DCE01C92B35650400C1A68A /* HomeViewController.xib */,
			);
			path = View;
			sourceTree = "<group>";
		};
		5DCE01C62B3564D400C1A68A /* Router */ = {
			isa = PBXGroup;
			children = (
				5DCE01D62B35702100C1A68A /* HomeRouter.swift */,
			);
			path = Router;
			sourceTree = "<group>";
		};
		5DCE01C72B3564E000C1A68A /* Interactor */ = {
			isa = PBXGroup;
			children = (
				5DCE01CE2B356E4900C1A68A /* HomeInteractor.swift */,
			);
			path = Interactor;
			sourceTree = "<group>";
		};
		5DCE01C82B3564E500C1A68A /* Presenter */ = {
			isa = PBXGroup;
			children = (
				5DCE01D42B356FDF00C1A68A /* HomePresenter.swift */,
			);
			path = Presenter;
			sourceTree = "<group>";
		};
		5DCE01CB2B3566D600C1A68A /* Extensions */ = {
			isa = PBXGroup;
			children = (
				5DCE01CC2B3566E100C1A68A /* UITableView.swift */,
				5DCE01DD2B357D7D00C1A68A /* UICollectionView.swift */,
			);
			path = Extensions;
			sourceTree = "<group>";
		};
		5DCE01D82B357CF300C1A68A /* ReuseableViews */ = {
			isa = PBXGroup;
			children = (
				5DCE01DF2B357DE600C1A68A /* CollectionViewCell */,
				5DCE01D92B357CF900C1A68A /* TableViewCell */,
			);
			path = ReuseableViews;
			sourceTree = "<group>";
		};
		5DCE01D92B357CF900C1A68A /* TableViewCell */ = {
			isa = PBXGroup;
			children = (
				5DCE01DA2B357D0600C1A68A /* MealListCell */,
			);
			path = TableViewCell;
			sourceTree = "<group>";
		};
		5DCE01DA2B357D0600C1A68A /* MealListCell */ = {
			isa = PBXGroup;
			children = (
				5DCE01E72B357F6500C1A68A /* MealCardTableViewCell.swift */,
				5DCE01E82B357F6500C1A68A /* MealCardTableViewCell.xib */,
			);
			path = MealListCell;
			sourceTree = "<group>";
		};
		5DCE01DF2B357DE600C1A68A /* CollectionViewCell */ = {
			isa = PBXGroup;
			children = (
				5DCE01E02B357DEC00C1A68A /* MealCardCell */,
			);
			path = CollectionViewCell;
			sourceTree = "<group>";
		};
		5DCE01E02B357DEC00C1A68A /* MealCardCell */ = {
			isa = PBXGroup;
			children = (
				5DCE01E32B357F3900C1A68A /* MealCardCollectionViewCell.swift */,
				5DCE01E42B357F3900C1A68A /* MealCardCollectionViewCell.xib */,
			);
			path = MealCardCell;
			sourceTree = "<group>";
		};
		5DCE01EB2B35933A00C1A68A /* Detail */ = {
			isa = PBXGroup;
			children = (
				5DCE01EF2B3593B600C1A68A /* Router */,
				5DCE01EE2B3593B000C1A68A /* Presenter */,
				5DCE01ED2B3593AB00C1A68A /* Interactor */,
				5DCE01EC2B3593A500C1A68A /* View */,
			);
			path = Detail;
			sourceTree = "<group>";
		};
		5DCE01EC2B3593A500C1A68A /* View */ = {
			isa = PBXGroup;
			children = (
				5DCE01F02B3593C900C1A68A /* DetailViewController.swift */,
				5DCE01F12B3593C900C1A68A /* DetailViewController.xib */,
			);
			name = View;
			sourceTree = "<group>";
		};
		5DCE01ED2B3593AB00C1A68A /* Interactor */ = {
			isa = PBXGroup;
			children = (
			);
			name = Interactor;
			sourceTree = "<group>";
		};
		5DCE01EE2B3593B000C1A68A /* Presenter */ = {
			isa = PBXGroup;
			children = (
			);
			name = Presenter;
			sourceTree = "<group>";
		};
		5DCE01EF2B3593B600C1A68A /* Router */ = {
			isa = PBXGroup;
			children = (
				5DCE01F62B3596CA00C1A68A /* DetailRouter.swift */,
			);
			name = Router;
			sourceTree = "<group>";
		};
		682E0FC36A6828BD02F1A65D /* Pods */ = {
			isa = PBXGroup;
			children = (
				7305040530A9DA5A79D6F31D /* Pods-MealApp.debug.xcconfig */,
				F3AC5295B9053DDEA3D51D7C /* Pods-MealApp.release.xcconfig */,
			);
			path = Pods;
			sourceTree = "<group>";
		};
		C9023CFB8E27CE69F709FE00 /* Frameworks */ = {
			isa = PBXGroup;
			children = (
				40BD4650F85312F26720C1B3 /* Pods_MealApp.framework */,
			);
			name = Frameworks;
			sourceTree = "<group>";
		};
/* End PBXGroup section */

/* Begin PBXNativeTarget section */
		5D6E0C3C2B3490B10000A2E9 /* MealApp */ = {
			isa = PBXNativeTarget;
			buildConfigurationList = 5D6E0C512B3490B20000A2E9 /* Build configuration list for PBXNativeTarget "MealApp" */;
			buildPhases = (
				3A1066E75F1C23AE402FEE98 /* [CP] Check Pods Manifest.lock */,
				5D6E0C392B3490B10000A2E9 /* Sources */,
				5D6E0C3A2B3490B10000A2E9 /* Frameworks */,
				5D6E0C3B2B3490B10000A2E9 /* Resources */,
				E6F5C05A8C78101C49353403 /* [CP] Embed Pods Frameworks */,
			);
			buildRules = (
			);
			dependencies = (
			);
			name = MealApp;
			productName = MealApp;
			productReference = 5D6E0C3D2B3490B10000A2E9 /* MealApp.app */;
			productType = "com.apple.product-type.application";
		};
/* End PBXNativeTarget section */

/* Begin PBXProject section */
		5D6E0C352B3490B10000A2E9 /* Project object */ = {
			isa = PBXProject;
			attributes = {
				BuildIndependentTargetsInParallel = 1;
				LastSwiftUpdateCheck = 1500;
				LastUpgradeCheck = 1500;
				TargetAttributes = {
					5D6E0C3C2B3490B10000A2E9 = {
						CreatedOnToolsVersion = 15.0;
					};
				};
			};
			buildConfigurationList = 5D6E0C382B3490B10000A2E9 /* Build configuration list for PBXProject "MealApp" */;
			compatibilityVersion = "Xcode 14.0";
			developmentRegion = en;
			hasScannedForEncodings = 0;
			knownRegions = (
				en,
				Base,
			);
			mainGroup = 5D6E0C342B3490B10000A2E9;
			productRefGroup = 5D6E0C3E2B3490B10000A2E9 /* Products */;
			projectDirPath = "";
			projectRoot = "";
			targets = (
				5D6E0C3C2B3490B10000A2E9 /* MealApp */,
			);
		};
/* End PBXProject section */

/* Begin PBXResourcesBuildPhase section */
		5D6E0C3B2B3490B10000A2E9 /* Resources */ = {
			isa = PBXResourcesBuildPhase;
			buildActionMask = 2147483647;
			files = (
				5D6E0C4D2B3490B20000A2E9 /* LaunchScreen.storyboard in Resources */,
				5DCE01F32B3593C900C1A68A /* DetailViewController.xib in Resources */,
				5D6E0C4A2B3490B20000A2E9 /* Assets.xcassets in Resources */,
				5DCE01EA2B357F6500C1A68A /* MealCardTableViewCell.xib in Resources */,
				5DCE01CA2B35650400C1A68A /* HomeViewController.xib in Resources */,
				5DCE01E62B357F3900C1A68A /* MealCardCollectionViewCell.xib in Resources */,
			);
			runOnlyForDeploymentPostprocessing = 0;
		};
/* End PBXResourcesBuildPhase section */

/* Begin PBXShellScriptBuildPhase section */
		3A1066E75F1C23AE402FEE98 /* [CP] Check Pods Manifest.lock */ = {
			isa = PBXShellScriptBuildPhase;
			buildActionMask = 2147483647;
			files = (
			);
			inputFileListPaths = (
			);
			inputPaths = (
				"${PODS_PODFILE_DIR_PATH}/Podfile.lock",
				"${PODS_ROOT}/Manifest.lock",
			);
			name = "[CP] Check Pods Manifest.lock";
			outputFileListPaths = (
			);
			outputPaths = (
				"$(DERIVED_FILE_DIR)/Pods-MealApp-checkManifestLockResult.txt",
			);
			runOnlyForDeploymentPostprocessing = 0;
			shellPath = /bin/sh;
			shellScript = "diff \"${PODS_PODFILE_DIR_PATH}/Podfile.lock\" \"${PODS_ROOT}/Manifest.lock\" > /dev/null\nif [ $? != 0 ] ; then\n    # print error to STDERR\n    echo \"error: The sandbox is not in sync with the Podfile.lock. Run 'pod install' or update your CocoaPods installation.\" >&2\n    exit 1\nfi\n# This output is used by Xcode 'outputs' to avoid re-running this script phase.\necho \"SUCCESS\" > \"${SCRIPT_OUTPUT_FILE_0}\"\n";
			showEnvVarsInLog = 0;
		};
		E6F5C05A8C78101C49353403 /* [CP] Embed Pods Frameworks */ = {
			isa = PBXShellScriptBuildPhase;
			buildActionMask = 2147483647;
			files = (
			);
			inputFileListPaths = (
				"${PODS_ROOT}/Target Support Files/Pods-MealApp/Pods-MealApp-frameworks-${CONFIGURATION}-input-files.xcfilelist",
			);
			name = "[CP] Embed Pods Frameworks";
			outputFileListPaths = (
				"${PODS_ROOT}/Target Support Files/Pods-MealApp/Pods-MealApp-frameworks-${CONFIGURATION}-output-files.xcfilelist",
			);
			runOnlyForDeploymentPostprocessing = 0;
			shellPath = /bin/sh;
			shellScript = "\"${PODS_ROOT}/Target Support Files/Pods-MealApp/Pods-MealApp-frameworks.sh\"\n";
			showEnvVarsInLog = 0;
		};
/* End PBXShellScriptBuildPhase section */

/* Begin PBXSourcesBuildPhase section */
		5D6E0C392B3490B10000A2E9 /* Sources */ = {
			isa = PBXSourcesBuildPhase;
			buildActionMask = 2147483647;
			files = (
				5DCE01F52B3593F900C1A68A /* DetailInjection.swift in Sources */,
				5DCE01F72B3596CA00C1A68A /* DetailRouter.swift in Sources */,
				5DCE01BA2B3530EB00C1A68A /* APIManager.swift in Sources */,
				5DCE01B52B35280500C1A68A /* Meal.swift in Sources */,
				5DCE01AF2B35251D00C1A68A /* MealDataSource.swift in Sources */,
				5DCE01D52B356FDF00C1A68A /* HomePresenter.swift in Sources */,
				5DCE01CF2B356E4900C1A68A /* HomeInteractor.swift in Sources */,
				5DCE01D72B35702100C1A68A /* HomeRouter.swift in Sources */,
				5DCE01C42B35648300C1A68A /* MealByCategoriesUseCase.swift in Sources */,
				5DCE01F22B3593C900C1A68A /* DetailViewController.swift in Sources */,
				5D6E0C452B3490B10000A2E9 /* HomeViewController.swift in Sources */,
				5DCE01B82B352A7F00C1A68A /* MealResponse.swift in Sources */,
				5DCE01D12B356E5A00C1A68A /* AppInjection.swift in Sources */,
				5D6E0C412B3490B10000A2E9 /* AppDelegate.swift in Sources */,
				5DCE01DE2B357D7D00C1A68A /* UICollectionView.swift in Sources */,
				5DCE01CD2B3566E100C1A68A /* UITableView.swift in Sources */,
				5DCE01E92B357F6500C1A68A /* MealCardTableViewCell.swift in Sources */,
				5DCE01D32B356E8600C1A68A /* HomeInjection.swift in Sources */,
				5DCE01E52B357F3900C1A68A /* MealCardCollectionViewCell.swift in Sources */,
				5DCE01BC2B35334600C1A68A /* APIError.swift in Sources */,
				5DCE01C12B35643700C1A68A /* MealRepository.swift in Sources */,
				5DCE01BE2B35364E00C1A68A /* APIEndpoint.swift in Sources */,
			);
			runOnlyForDeploymentPostprocessing = 0;
		};
/* End PBXSourcesBuildPhase section */

/* Begin PBXVariantGroup section */
		5D6E0C4B2B3490B20000A2E9 /* LaunchScreen.storyboard */ = {
			isa = PBXVariantGroup;
			children = (
				5D6E0C4C2B3490B20000A2E9 /* Base */,
			);
			name = LaunchScreen.storyboard;
			sourceTree = "<group>";
		};
/* End PBXVariantGroup section */

/* Begin XCBuildConfiguration section */
		5D6E0C4F2B3490B20000A2E9 /* Debug */ = {
			isa = XCBuildConfiguration;
			buildSettings = {
				ALWAYS_SEARCH_USER_PATHS = NO;
				ASSETCATALOG_COMPILER_GENERATE_SWIFT_ASSET_SYMBOL_EXTENSIONS = YES;
				CLANG_ANALYZER_NONNULL = YES;
				CLANG_ANALYZER_NUMBER_OBJECT_CONVERSION = YES_AGGRESSIVE;
				CLANG_CXX_LANGUAGE_STANDARD = "gnu++20";
				CLANG_ENABLE_MODULES = YES;
				CLANG_ENABLE_OBJC_ARC = YES;
				CLANG_ENABLE_OBJC_WEAK = YES;
				CLANG_WARN_BLOCK_CAPTURE_AUTORELEASING = YES;
				CLANG_WARN_BOOL_CONVERSION = YES;
				CLANG_WARN_COMMA = YES;
				CLANG_WARN_CONSTANT_CONVERSION = YES;
				CLANG_WARN_DEPRECATED_OBJC_IMPLEMENTATIONS = YES;
				CLANG_WARN_DIRECT_OBJC_ISA_USAGE = YES_ERROR;
				CLANG_WARN_DOCUMENTATION_COMMENTS = YES;
				CLANG_WARN_EMPTY_BODY = YES;
				CLANG_WARN_ENUM_CONVERSION = YES;
				CLANG_WARN_INFINITE_RECURSION = YES;
				CLANG_WARN_INT_CONVERSION = YES;
				CLANG_WARN_NON_LITERAL_NULL_CONVERSION = YES;
				CLANG_WARN_OBJC_IMPLICIT_RETAIN_SELF = YES;
				CLANG_WARN_OBJC_LITERAL_CONVERSION = YES;
				CLANG_WARN_OBJC_ROOT_CLASS = YES_ERROR;
				CLANG_WARN_QUOTED_INCLUDE_IN_FRAMEWORK_HEADER = YES;
				CLANG_WARN_RANGE_LOOP_ANALYSIS = YES;
				CLANG_WARN_STRICT_PROTOTYPES = YES;
				CLANG_WARN_SUSPICIOUS_MOVE = YES;
				CLANG_WARN_UNGUARDED_AVAILABILITY = YES_AGGRESSIVE;
				CLANG_WARN_UNREACHABLE_CODE = YES;
				CLANG_WARN__DUPLICATE_METHOD_MATCH = YES;
				COPY_PHASE_STRIP = NO;
				DEBUG_INFORMATION_FORMAT = dwarf;
				ENABLE_STRICT_OBJC_MSGSEND = YES;
				ENABLE_TESTABILITY = YES;
				ENABLE_USER_SCRIPT_SANDBOXING = NO;
				GCC_C_LANGUAGE_STANDARD = gnu17;
				GCC_DYNAMIC_NO_PIC = NO;
				GCC_NO_COMMON_BLOCKS = YES;
				GCC_OPTIMIZATION_LEVEL = 0;
				GCC_PREPROCESSOR_DEFINITIONS = (
					"DEBUG=1",
					"$(inherited)",
				);
				GCC_WARN_64_TO_32_BIT_CONVERSION = YES;
				GCC_WARN_ABOUT_RETURN_TYPE = YES_ERROR;
				GCC_WARN_UNDECLARED_SELECTOR = YES;
				GCC_WARN_UNINITIALIZED_AUTOS = YES_AGGRESSIVE;
				GCC_WARN_UNUSED_FUNCTION = YES;
				GCC_WARN_UNUSED_VARIABLE = YES;
				IPHONEOS_DEPLOYMENT_TARGET = 17.0;
				LOCALIZATION_PREFERS_STRING_CATALOGS = YES;
				MTL_ENABLE_DEBUG_INFO = INCLUDE_SOURCE;
				MTL_FAST_MATH = YES;
				ONLY_ACTIVE_ARCH = YES;
				SDKROOT = iphoneos;
				SWIFT_ACTIVE_COMPILATION_CONDITIONS = "DEBUG $(inherited)";
				SWIFT_OPTIMIZATION_LEVEL = "-Onone";
			};
			name = Debug;
		};
		5D6E0C502B3490B20000A2E9 /* Release */ = {
			isa = XCBuildConfiguration;
			buildSettings = {
				ALWAYS_SEARCH_USER_PATHS = NO;
				ASSETCATALOG_COMPILER_GENERATE_SWIFT_ASSET_SYMBOL_EXTENSIONS = YES;
				CLANG_ANALYZER_NONNULL = YES;
				CLANG_ANALYZER_NUMBER_OBJECT_CONVERSION = YES_AGGRESSIVE;
				CLANG_CXX_LANGUAGE_STANDARD = "gnu++20";
				CLANG_ENABLE_MODULES = YES;
				CLANG_ENABLE_OBJC_ARC = YES;
				CLANG_ENABLE_OBJC_WEAK = YES;
				CLANG_WARN_BLOCK_CAPTURE_AUTORELEASING = YES;
				CLANG_WARN_BOOL_CONVERSION = YES;
				CLANG_WARN_COMMA = YES;
				CLANG_WARN_CONSTANT_CONVERSION = YES;
				CLANG_WARN_DEPRECATED_OBJC_IMPLEMENTATIONS = YES;
				CLANG_WARN_DIRECT_OBJC_ISA_USAGE = YES_ERROR;
				CLANG_WARN_DOCUMENTATION_COMMENTS = YES;
				CLANG_WARN_EMPTY_BODY = YES;
				CLANG_WARN_ENUM_CONVERSION = YES;
				CLANG_WARN_INFINITE_RECURSION = YES;
				CLANG_WARN_INT_CONVERSION = YES;
				CLANG_WARN_NON_LITERAL_NULL_CONVERSION = YES;
				CLANG_WARN_OBJC_IMPLICIT_RETAIN_SELF = YES;
				CLANG_WARN_OBJC_LITERAL_CONVERSION = YES;
				CLANG_WARN_OBJC_ROOT_CLASS = YES_ERROR;
				CLANG_WARN_QUOTED_INCLUDE_IN_FRAMEWORK_HEADER = YES;
				CLANG_WARN_RANGE_LOOP_ANALYSIS = YES;
				CLANG_WARN_STRICT_PROTOTYPES = YES;
				CLANG_WARN_SUSPICIOUS_MOVE = YES;
				CLANG_WARN_UNGUARDED_AVAILABILITY = YES_AGGRESSIVE;
				CLANG_WARN_UNREACHABLE_CODE = YES;
				CLANG_WARN__DUPLICATE_METHOD_MATCH = YES;
				COPY_PHASE_STRIP = NO;
				DEBUG_INFORMATION_FORMAT = "dwarf-with-dsym";
				ENABLE_NS_ASSERTIONS = NO;
				ENABLE_STRICT_OBJC_MSGSEND = YES;
				ENABLE_USER_SCRIPT_SANDBOXING = NO;
				GCC_C_LANGUAGE_STANDARD = gnu17;
				GCC_NO_COMMON_BLOCKS = YES;
				GCC_WARN_64_TO_32_BIT_CONVERSION = YES;
				GCC_WARN_ABOUT_RETURN_TYPE = YES_ERROR;
				GCC_WARN_UNDECLARED_SELECTOR = YES;
				GCC_WARN_UNINITIALIZED_AUTOS = YES_AGGRESSIVE;
				GCC_WARN_UNUSED_FUNCTION = YES;
				GCC_WARN_UNUSED_VARIABLE = YES;
				IPHONEOS_DEPLOYMENT_TARGET = 17.0;
				LOCALIZATION_PREFERS_STRING_CATALOGS = YES;
				MTL_ENABLE_DEBUG_INFO = NO;
				MTL_FAST_MATH = YES;
				SDKROOT = iphoneos;
				SWIFT_COMPILATION_MODE = wholemodule;
				VALIDATE_PRODUCT = YES;
			};
			name = Release;
		};
		5D6E0C522B3490B20000A2E9 /* Debug */ = {
			isa = XCBuildConfiguration;
			baseConfigurationReference = 7305040530A9DA5A79D6F31D /* Pods-MealApp.debug.xcconfig */;
			buildSettings = {
				ASSETCATALOG_COMPILER_APPICON_NAME = AppIcon;
				ASSETCATALOG_COMPILER_GLOBAL_ACCENT_COLOR_NAME = AccentColor;
				CODE_SIGN_STYLE = Automatic;
				CURRENT_PROJECT_VERSION = 1;
				DEVELOPMENT_TEAM = 3HH926728D;
				GENERATE_INFOPLIST_FILE = YES;
				INFOPLIST_FILE = MealApp/App/Resource/Info.plist;
				INFOPLIST_KEY_UIApplicationSupportsIndirectInputEvents = YES;
				INFOPLIST_KEY_UILaunchStoryboardName = LaunchScreen;
				INFOPLIST_KEY_UISupportedInterfaceOrientations_iPad = "UIInterfaceOrientationPortrait UIInterfaceOrientationPortraitUpsideDown UIInterfaceOrientationLandscapeLeft UIInterfaceOrientationLandscapeRight";
				INFOPLIST_KEY_UISupportedInterfaceOrientations_iPhone = "UIInterfaceOrientationPortrait UIInterfaceOrientationLandscapeLeft UIInterfaceOrientationLandscapeRight";
				LD_RUNPATH_SEARCH_PATHS = (
					"$(inherited)",
					"@executable_path/Frameworks",
				);
				MARKETING_VERSION = 1.0;
				PRODUCT_BUNDLE_IDENTIFIER = mfa.MealApp;
				PRODUCT_NAME = "$(TARGET_NAME)";
				SWIFT_EMIT_LOC_STRINGS = YES;
				SWIFT_VERSION = 5.0;
				TARGETED_DEVICE_FAMILY = "1,2";
			};
			name = Debug;
		};
		5D6E0C532B3490B20000A2E9 /* Release */ = {
			isa = XCBuildConfiguration;
			baseConfigurationReference = F3AC5295B9053DDEA3D51D7C /* Pods-MealApp.release.xcconfig */;
			buildSettings = {
				ASSETCATALOG_COMPILER_APPICON_NAME = AppIcon;
				ASSETCATALOG_COMPILER_GLOBAL_ACCENT_COLOR_NAME = AccentColor;
				CODE_SIGN_STYLE = Automatic;
				CURRENT_PROJECT_VERSION = 1;
				DEVELOPMENT_TEAM = 3HH926728D;
				GENERATE_INFOPLIST_FILE = YES;
				INFOPLIST_FILE = MealApp/App/Resource/Info.plist;
				INFOPLIST_KEY_UIApplicationSupportsIndirectInputEvents = YES;
				INFOPLIST_KEY_UILaunchStoryboardName = LaunchScreen;
				INFOPLIST_KEY_UISupportedInterfaceOrientations_iPad = "UIInterfaceOrientationPortrait UIInterfaceOrientationPortraitUpsideDown UIInterfaceOrientationLandscapeLeft UIInterfaceOrientationLandscapeRight";
				INFOPLIST_KEY_UISupportedInterfaceOrientations_iPhone = "UIInterfaceOrientationPortrait UIInterfaceOrientationLandscapeLeft UIInterfaceOrientationLandscapeRight";
				LD_RUNPATH_SEARCH_PATHS = (
					"$(inherited)",
					"@executable_path/Frameworks",
				);
				MARKETING_VERSION = 1.0;
				PRODUCT_BUNDLE_IDENTIFIER = mfa.MealApp;
				PRODUCT_NAME = "$(TARGET_NAME)";
				SWIFT_EMIT_LOC_STRINGS = YES;
				SWIFT_VERSION = 5.0;
				TARGETED_DEVICE_FAMILY = "1,2";
			};
			name = Release;
		};
/* End XCBuildConfiguration section */

/* Begin XCConfigurationList section */
		5D6E0C382B3490B10000A2E9 /* Build configuration list for PBXProject "MealApp" */ = {
			isa = XCConfigurationList;
			buildConfigurations = (
				5D6E0C4F2B3490B20000A2E9 /* Debug */,
				5D6E0C502B3490B20000A2E9 /* Release */,
			);
			defaultConfigurationIsVisible = 0;
			defaultConfigurationName = Release;
		};
		5D6E0C512B3490B20000A2E9 /* Build configuration list for PBXNativeTarget "MealApp" */ = {
			isa = XCConfigurationList;
			buildConfigurations = (
				5D6E0C522B3490B20000A2E9 /* Debug */,
				5D6E0C532B3490B20000A2E9 /* Release */,
			);
			defaultConfigurationIsVisible = 0;
			defaultConfigurationName = Release;
		};
/* End XCConfigurationList section */
	};
	rootObject = 5D6E0C352B3490B10000A2E9 /* Project object */;
}
